lockfileVersion: '9.0'

settings:
  autoInstallPeers: true
  excludeLinksFromLockfile: false

importers:

  .:
    dependencies:
      '@hono/node-server':
        specifier: ^1.13.8
        version: 1.13.8(hono@4.7.5)
      dotenv:
        specifier: ^16.4.7
        version: 16.4.7
      dotenv-expand:
        specifier: ^12.0.1
        version: 12.0.1
      hono:
        specifier: ^4.7.4
        version: 4.7.5
      zod:
        specifier: ^3.24.2
        version: 3.24.2
    devDependencies:
      '@types/bun':
        specifier: latest
        version: 1.2.5

packages:

  '@hono/node-server@1.13.8':
    resolution: {integrity: sha512-fsn8ucecsAXUoVxrUil0m13kOEq4mkX4/4QozCqmY+HpGfKl74OYSn8JcMA8GnG0ClfdRI4/ZSeG7zhFaVg+wg==}
    engines: {node: '>=18.14.1'}
    peerDependencies:
      hono: ^4

  '@types/bun@1.2.5':
    resolution: {integrity: sha512-w2OZTzrZTVtbnJew1pdFmgV99H0/L+Pvw+z1P67HaR18MHOzYnTYOi6qzErhK8HyT+DB782ADVPPE92Xu2/Opg==}

  '@types/node@22.13.10':
    resolution: {integrity: sha512-I6LPUvlRH+O6VRUqYOcMudhaIdUVWfsjnZavnsraHvpBwaEyMN29ry+0UVJhImYL16xsscu0aske3yA+uPOWfw==}

  '@types/ws@8.5.14':
    resolution: {integrity: sha512-bd/YFLW+URhBzMXurx7lWByOu+xzU9+kb3RboOteXYDfW+tr+JZa99OyNmPINEGB/ahzKrEuc8rcv4gnpJmxTw==}

  bun-types@1.2.5:
    resolution: {integrity: sha512-3oO6LVGGRRKI4kHINx5PIdIgnLRb7l/SprhzqXapmoYkFl5m4j6EvALvbDVuuBFaamB46Ap6HCUxIXNLCGy+tg==}

  dotenv-expand@12.0.1:
    resolution: {integrity: sha512-LaKRbou8gt0RNID/9RoI+J2rvXsBRPMV7p+ElHlPhcSARbCPDYcYG2s1TIzAfWv4YSgyY5taidWzzs31lNV3yQ==}
    engines: {node: '>=12'}

  dotenv@16.4.7:
    resolution: {integrity: sha512-47qPchRCykZC03FhkYAhrvwU4xDBFIj1QPqaarj6mdM/hgUzfPHcpkHJOn3mJAufFeeAxAzeGsr5X0M4k6fLZQ==}
    engines: {node: '>=12'}

  hono@4.7.5:
    resolution: {integrity: sha512-fDOK5W2C1vZACsgLONigdZTRZxuBqFtcKh7bUQ5cVSbwI2RWjloJDcgFOVzbQrlI6pCmhlTsVYZ7zpLj4m4qMQ==}
    engines: {node: '>=16.9.0'}

  undici-types@6.20.0:
    resolution: {integrity: sha512-Ny6QZ2Nju20vw1SRHe3d9jVu6gJ+4e3+MMpqu7pqE5HT6WsTSlce++GQmK5UXS8mzV8DSYHrQH+Xrf2jVcuKNg==}

  zod@3.24.2:
    resolution: {integrity: sha512-lY7CDW43ECgW9u1TcT3IoXHflywfVqDYze4waEz812jR/bZ8FHDsl7pFQoSZTz5N+2NqRXs8GBwnAwo3ZNxqhQ==}

snapshots:

  '@hono/node-server@1.13.8(hono@4.7.5)':
    dependencies:
      hono: 4.7.5

  '@types/bun@1.2.5':
    dependencies:
      bun-types: 1.2.5

  '@types/node@22.13.10':
    dependencies:
      undici-types: 6.20.0

  '@types/ws@8.5.14':
    dependencies:
      '@types/node': 22.13.10

  bun-types@1.2.5:
    dependencies:
      '@types/node': 22.13.10
      '@types/ws': 8.5.14

  dotenv-expand@12.0.1:
    dependencies:
      dotenv: 16.4.7

  dotenv@16.4.7: {}

  hono@4.7.5: {}

  undici-types@6.20.0: {}

  zod@3.24.2: {}
